
Microsoft Visual Studio Solution File, Format Version 12.00
# Visual Studio Version 16
VisualStudioVersion = 16.0.31515.178
MinimumVisualStudioVersion = 10.0.40219.1
Project("{9A19103F-16F7-4668-BE54-9A1E7A4F7556}") = "Centoreal.StudentService", "Centoreal.StudentService\Centoreal.StudentService.csproj", "{A6FF58D0-537B-4AFA-9AB6-38D150F1EEF5}"
EndProject
Global
	GlobalSection(SolutionConfigurationPlatforms) = preSolution
		Debug|Any CPU = Debug|Any CPU
		Release|Any CPU = Release|Any CPU
	EndGlobalSection
	GlobalSection(ProjectConfigurationPlatforms) = postSolution
		{A6FF58D0-537B-4AFA-9AB6-38D150F1EEF5}.Debug|Any CPU.ActiveCfg = Debug|Any CPU
		{A6FF58D0-537B-4AFA-9AB6-38D150F1EEF5}.Debug|Any CPU.Build.0 = Debug|Any CPU
		{A6FF58D0-537B-4AFA-9AB6-38D150F1EEF5}.Release|Any CPU.ActiveCfg = Release|Any CPU
		{A6FF58D0-537B-4AFA-9AB6-38D150F1EEF5}.Release|Any CPU.Build.0 = Release|Any CPU
	EndGlobalSection
	GlobalSection(SolutionProperties) = preSolution
		HideSolutionNode = FALSE
	EndGlobalSection
	GlobalSection(ExtensibilityGlobals) = postSolution
		SolutionGuid = {7BD62EDB-F57D-4653-B983-B50996F49996}
	EndGlobalSection
EndGlobal
